
Microsoft Visual Studio Solution File, Format Version 12.00
# Visual Studio Version 17
VisualStudioVersion = 17.7.34024.191
MinimumVisualStudioVersion = 10.0.40219.1
Project("{FAE04EC0-301F-11D3-BF4B-00C04F79EFBC}") = "B11173201_GUI_Class", "B11173201_GUI_Class\B11173201_GUI_Class.csproj", "{F5EB4457-93DF-4BB5-967D-917F632CEF3A}"
EndProject
Global
	GlobalSection(SolutionConfigurationPlatforms) = preSolution
		Debug|Any CPU = Debug|Any CPU
		Release|Any CPU = Release|Any CPU
	EndGlobalSection
	GlobalSection(ProjectConfigurationPlatforms) = postSolution
		{F5EB4457-93DF-4BB5-967D-917F632CEF3A}.Debug|Any CPU.ActiveCfg = Debug|Any CPU
		{F5EB4457-93DF-4BB5-967D-917F632CEF3A}.Debug|Any CPU.Build.0 = Debug|Any CPU
		{F5EB4457-93DF-4BB5-967D-917F632CEF3A}.Release|Any CPU.ActiveCfg = Release|Any CPU
		{F5EB4457-93DF-4BB5-967D-917F632CEF3A}.Release|Any CPU.Build.0 = Release|Any CPU
	EndGlobalSection
	GlobalSection(SolutionProperties) = preSolution
		HideSolutionNode = FALSE
	EndGlobalSection
	GlobalSection(ExtensibilityGlobals) = postSolution
		SolutionGuid = {77CCB732-3099-4802-A4CD-81300FB338F2}
	EndGlobalSection
EndGlobal
